
Microsoft Visual Studio Solution File, Format Version 12.00
# Visual Studio Version 16
VisualStudioVersion = 16.0.32126.315
MinimumVisualStudioVersion = 10.0.40219.1
Project("{8BC9CEB8-8B4A-11D0-8D11-00A0C91BC942}") = "PuzzleGame", "PuzzleGame\PuzzleGame.vcxproj", "{06B608D2-9088-47B2-8C22-4B088ABDA62E}"
EndProject
Global
	GlobalSection(SolutionConfigurationPlatforms) = preSolution
		Debug|x64 = Debug|x64
		Debug|x86 = Debug|x86
		Release|x64 = Release|x64
		Release|x86 = Release|x86
	EndGlobalSection
	GlobalSection(ProjectConfigurationPlatforms) = postSolution
		{06B608D2-9088-47B2-8C22-4B088ABDA62E}.Debug|x64.ActiveCfg = Debug|x64
		{06B608D2-9088-47B2-8C22-4B088ABDA62E}.Debug|x64.Build.0 = Debug|x64
		{06B608D2-9088-47B2-8C22-4B088ABDA62E}.Debug|x86.ActiveCfg = Debug|Win32
		{06B608D2-9088-47B2-8C22-4B088ABDA62E}.Debug|x86.Build.0 = Debug|Win32
		{06B608D2-9088-47B2-8C22-4B088ABDA62E}.Release|x64.ActiveCfg = Release|x64
		{06B608D2-9088-47B2-8C22-4B088ABDA62E}.Release|x64.Build.0 = Release|x64
		{06B608D2-9088-47B2-8C22-4B088ABDA62E}.Release|x86.ActiveCfg = Release|Win32
		{06B608D2-9088-47B2-8C22-4B088ABDA62E}.Release|x86.Build.0 = Release|Win32
	EndGlobalSection
	GlobalSection(SolutionProperties) = preSolution
		HideSolutionNode = FALSE
	EndGlobalSection
	GlobalSection(ExtensibilityGlobals) = postSolution
		SolutionGuid = {B54BEC7A-06AF-46A8-B029-828F971A811A}
	EndGlobalSection
EndGlobal
